// !$*UTF8*$!
{
	archiveVersion = 1;
	classes = {
	};
	objectVersion = 55;
	objects = {

/* Begin PBXBuildFile section */
		880C6980275407F3002B7AD1 /* AppDelegate.swift in Sources */ = {isa = PBXBuildFile; fileRef = 880C697F275407F3002B7AD1 /* AppDelegate.swift */; };
		880C6982275407F3002B7AD1 /* SceneDelegate.swift in Sources */ = {isa = PBXBuildFile; fileRef = 880C6981275407F3002B7AD1 /* SceneDelegate.swift */; };
		880C6987275407F3002B7AD1 /* Main.storyboard in Resources */ = {isa = PBXBuildFile; fileRef = 880C6985275407F3002B7AD1 /* Main.storyboard */; };
		880C6989275407F6002B7AD1 /* Assets.xcassets in Resources */ = {isa = PBXBuildFile; fileRef = 880C6988275407F6002B7AD1 /* Assets.xcassets */; };
		880C698C275407F6002B7AD1 /* LaunchScreen.storyboard in Resources */ = {isa = PBXBuildFile; fileRef = 880C698A275407F6002B7AD1 /* LaunchScreen.storyboard */; };
		880C699427540859002B7AD1 /* TodosVC.swift in Sources */ = {isa = PBXBuildFile; fileRef = 880C699327540859002B7AD1 /* TodosVC.swift */; };
		880C699827540E01002B7AD1 /* TodoCell.swift in Sources */ = {isa = PBXBuildFile; fileRef = 880C699727540E01002B7AD1 /* TodoCell.swift */; };
		880C699A27548F67002B7AD1 /* Todo.swift in Sources */ = {isa = PBXBuildFile; fileRef = 880C699927548F67002B7AD1 /* Todo.swift */; };
		880C699C275511D1002B7AD1 /* TodosdetailsVC.swift in Sources */ = {isa = PBXBuildFile; fileRef = 880C699B275511D1002B7AD1 /* TodosdetailsVC.swift */; };
		880C699E27563523002B7AD1 /* NewTodoVC.swift in Sources */ = {isa = PBXBuildFile; fileRef = 880C699D27563523002B7AD1 /* NewTodoVC.swift */; };
/* End PBXBuildFile section */

/* Begin PBXFileReference section */
		880C697C275407F3002B7AD1 /* To Do List project.app */ = {isa = PBXFileReference; explicitFileType = wrapper.application; includeInIndex = 0; path = "To Do List project.app"; sourceTree = BUILT_PRODUCTS_DIR; };
		880C697F275407F3002B7AD1 /* AppDelegate.swift */ = {isa = PBXFileReference; lastKnownFileType = sourcecode.swift; path = AppDelegate.swift; sourceTree = "<group>"; };
		880C6981275407F3002B7AD1 /* SceneDelegate.swift */ = {isa = PBXFileReference; lastKnownFileType = sourcecode.swift; path = SceneDelegate.swift; sourceTree = "<group>"; };
		880C6986275407F3002B7AD1 /* Base */ = {isa = PBXFileReference; lastKnownFileType = file.storyboard; name = Base; path = Base.lproj/Main.storyboard; sourceTree = "<group>"; };
		880C6988275407F6002B7AD1 /* Assets.xcassets */ = {isa = PBXFileReference; lastKnownFileType = folder.assetcatalog; path = Assets.xcassets; sourceTree = "<group>"; };
		880C698B275407F6002B7AD1 /* Base */ = {isa = PBXFileReference; lastKnownFileType = file.storyboard; name = Base; path = Base.lproj/LaunchScreen.storyboard; sourceTree = "<group>"; };
		880C698D275407F6002B7AD1 /* Info.plist */ = {isa = PBXFileReference; lastKnownFileType = text.plist.xml; path = Info.plist; sourceTree = "<group>"; };
		880C699327540859002B7AD1 /* TodosVC.swift */ = {isa = PBXFileReference; lastKnownFileType = sourcecode.swift; path = TodosVC.swift; sourceTree = "<group>"; };
		880C699727540E01002B7AD1 /* TodoCell.swift */ = {isa = PBXFileReference; lastKnownFileType = sourcecode.swift; path = TodoCell.swift; sourceTree = "<group>"; };
		880C699927548F67002B7AD1 /* Todo.swift */ = {isa = PBXFileReference; lastKnownFileType = sourcecode.swift; path = Todo.swift; sourceTree = "<group>"; };
		880C699B275511D1002B7AD1 /* TodosdetailsVC.swift */ = {isa = PBXFileReference; lastKnownFileType = sourcecode.swift; path = TodosdetailsVC.swift; sourceTree = "<group>"; };
		880C699D27563523002B7AD1 /* NewTodoVC.swift */ = {isa = PBXFileReference; lastKnownFileType = sourcecode.swift; path = NewTodoVC.swift; sourceTree = "<group>"; };
/* End PBXFileReference section */

/* Begin PBXFrameworksBuildPhase section */
		880C6979275407F3002B7AD1 /* Frameworks */ = {
			isa = PBXFrameworksBuildPhase;
			buildActionMask = 2147483647;
			files = (
			);
			runOnlyForDeploymentPostprocessing = 0;
		};
/* End PBXFrameworksBuildPhase section */

/* Begin PBXGroup section */
		880C6973275407F3002B7AD1 = {
			isa = PBXGroup;
			children = (
				880C697E275407F3002B7AD1 /* To Do List project */,
				880C697D275407F3002B7AD1 /* Products */,
			);
			sourceTree = "<group>";
		};
		880C697D275407F3002B7AD1 /* Products */ = {
			isa = PBXGroup;
			children = (
				880C697C275407F3002B7AD1 /* To Do List project.app */,
			);
			name = Products;
			sourceTree = "<group>";
		};
		880C697E275407F3002B7AD1 /* To Do List project */ = {
			isa = PBXGroup;
			children = (
				880C697F275407F3002B7AD1 /* AppDelegate.swift */,
				880C6981275407F3002B7AD1 /* SceneDelegate.swift */,
				880C6985275407F3002B7AD1 /* Main.storyboard */,
				880C699D27563523002B7AD1 /* NewTodoVC.swift */,
				880C699B275511D1002B7AD1 /* TodosdetailsVC.swift */,
				880C699927548F67002B7AD1 /* Todo.swift */,
				880C699727540E01002B7AD1 /* TodoCell.swift */,
				880C699327540859002B7AD1 /* TodosVC.swift */,
				880C6988275407F6002B7AD1 /* Assets.xcassets */,
				880C698A275407F6002B7AD1 /* LaunchScreen.storyboard */,
				880C698D275407F6002B7AD1 /* Info.plist */,
			);
			path = "To Do List project";
			sourceTree = "<group>";
		};
/* End PBXGroup section */

/* Begin PBXNativeTarget section */
		880C697B275407F3002B7AD1 /* To Do List project */ = {
			isa = PBXNativeTarget;
			buildConfigurationList = 880C6990275407F6002B7AD1 /* Build configuration list for PBXNativeTarget "To Do List project" */;
			buildPhases = (
				880C6978275407F3002B7AD1 /* Sources */,
				880C6979275407F3002B7AD1 /* Frameworks */,
				880C697A275407F3002B7AD1 /* Resources */,
			);
			buildRules = (
			);
			dependencies = (
			);
			name = "To Do List project";
			productName = "To Do List project";
			productReference = 880C697C275407F3002B7AD1 /* To Do List project.app */;
			productType = "com.apple.product-type.application";
		};
/* End PBXNativeTarget section */

/* Begin PBXProject section */
		880C6974275407F3002B7AD1 /* Project object */ = {
			isa = PBXProject;
			attributes = {
				BuildIndependentTargetsInParallel = 1;
				LastSwiftUpdateCheck = 1310;
				LastUpgradeCheck = 1310;
				TargetAttributes = {
					880C697B275407F3002B7AD1 = {
						CreatedOnToolsVersion = 13.1;
					};
				};
			};
			buildConfigurationList = 880C6977275407F3002B7AD1 /* Build configuration list for PBXProject "To Do List project" */;
			compatibilityVersion = "Xcode 13.0";
			developmentRegion = en;
			hasScannedForEncodings = 0;
			knownRegions = (
				en,
				Base,
			);
			mainGroup = 880C6973275407F3002B7AD1;
			productRefGroup = 880C697D275407F3002B7AD1 /* Products */;
			projectDirPath = "";
			projectRoot = "";
			targets = (
				880C697B275407F3002B7AD1 /* To Do List project */,
			);
		};
/* End PBXProject section */

/* Begin PBXResourcesBuildPhase section */
		880C697A275407F3002B7AD1 /* Resources */ = {
			isa = PBXResourcesBuildPhase;
			buildActionMask = 2147483647;
			files = (
				880C698C275407F6002B7AD1 /* LaunchScreen.storyboard in Resources */,
				880C6989275407F6002B7AD1 /* Assets.xcassets in Resources */,
				880C6987275407F3002B7AD1 /* Main.storyboard in Resources */,
			);
			runOnlyForDeploymentPostprocessing = 0;
		};
/* End PBXResourcesBuildPhase section */

/* Begin PBXSourcesBuildPhase section */
		880C6978275407F3002B7AD1 /* Sources */ = {
			isa = PBXSourcesBuildPhase;
			buildActionMask = 2147483647;
			files = (
				880C6980275407F3002B7AD1 /* AppDelegate.swift in Sources */,
				880C699E27563523002B7AD1 /* NewTodoVC.swift in Sources */,
				880C699427540859002B7AD1 /* TodosVC.swift in Sources */,
				880C6982275407F3002B7AD1 /* SceneDelegate.swift in Sources */,
				880C699C275511D1002B7AD1 /* TodosdetailsVC.swift in Sources */,
				880C699827540E01002B7AD1 /* TodoCell.swift in Sources */,
				880C699A27548F67002B7AD1 /* Todo.swift in Sources */,
			);
			runOnlyForDeploymentPostprocessing = 0;
		};
/* End PBXSourcesBuildPhase section */

/* Begin PBXVariantGroup section */
		880C6985275407F3002B7AD1 /* Main.storyboard */ = {
			isa = PBXVariantGroup;
			children = (
				880C6986275407F3002B7AD1 /* Base */,
			);
			name = Main.storyboard;
			sourceTree = "<group>";
		};
		880C698A275407F6002B7AD1 /* LaunchScreen.storyboard */ = {
			isa = PBXVariantGroup;
			children = (
				880C698B275407F6002B7AD1 /* Base */,
			);
			name = LaunchScreen.storyboard;
			sourceTree = "<group>";
		};
/* End PBXVariantGroup section */

/* Begin XCBuildConfiguration section */
		880C698E275407F6002B7AD1 /* Debug */ = {
			isa = XCBuildConfiguration;
			buildSettings = {
				ALWAYS_SEARCH_USER_PATHS = NO;
				CLANG_ANALYZER_NONNULL = YES;
				CLANG_ANALYZER_NUMBER_OBJECT_CONVERSION = YES_AGGRESSIVE;
				CLANG_CXX_LANGUAGE_STANDARD = "gnu++17";
				CLANG_CXX_LIBRARY = "libc++";
				CLANG_ENABLE_MODULES = YES;
				CLANG_ENABLE_OBJC_ARC = YES;
				CLANG_ENABLE_OBJC_WEAK = YES;
				CLANG_WARN_BLOCK_CAPTURE_AUTORELEASING = YES;
				CLANG_WARN_BOOL_CONVERSION = YES;
				CLANG_WARN_COMMA = YES;
				CLANG_WARN_CONSTANT_CONVERSION = YES;
				CLANG_WARN_DEPRECATED_OBJC_IMPLEMENTATIONS = YES;
				CLANG_WARN_DIRECT_OBJC_ISA_USAGE = YES_ERROR;
				CLANG_WARN_DOCUMENTATION_COMMENTS = YES;
				CLANG_WARN_EMPTY_BODY = YES;
				CLANG_WARN_ENUM_CONVERSION = YES;
				CLANG_WARN_INFINITE_RECURSION = YES;
				CLANG_WARN_INT_CONVERSION = YES;
				CLANG_WARN_NON_LITERAL_NULL_CONVERSION = YES;
				CLANG_WARN_OBJC_IMPLICIT_RETAIN_SELF = YES;
				CLANG_WARN_OBJC_LITERAL_CONVERSION = YES;
				CLANG_WARN_OBJC_ROOT_CLASS = YES_ERROR;
				CLANG_WARN_QUOTED_INCLUDE_IN_FRAMEWORK_HEADER = YES;
				CLANG_WARN_RANGE_LOOP_ANALYSIS = YES;
				CLANG_WARN_STRICT_PROTOTYPES = YES;
				CLANG_WARN_SUSPICIOUS_MOVE = YES;
				CLANG_WARN_UNGUARDED_AVAILABILITY = YES_AGGRESSIVE;
				CLANG_WARN_UNREACHABLE_CODE = YES;
				CLANG_WARN__DUPLICATE_METHOD_MATCH = YES;
				COPY_PHASE_STRIP = NO;
				DEBUG_INFORMATION_FORMAT = dwarf;
				ENABLE_STRICT_OBJC_MSGSEND = YES;
				ENABLE_TESTABILITY = YES;
				GCC_C_LANGUAGE_STANDARD = gnu11;
				GCC_DYNAMIC_NO_PIC = NO;
				GCC_NO_COMMON_BLOCKS = YES;
				GCC_OPTIMIZATION_LEVEL = 0;
				GCC_PREPROCESSOR_DEFINITIONS = (
					"DEBUG=1",
					"$(inherited)",
				);
				GCC_WARN_64_TO_32_BIT_CONVERSION = YES;
				GCC_WARN_ABOUT_RETURN_TYPE = YES_ERROR;
				GCC_WARN_UNDECLARED_SELECTOR = YES;
				GCC_WARN_UNINITIALIZED_AUTOS = YES_AGGRESSIVE;
				GCC_WARN_UNUSED_FUNCTION = YES;
				GCC_WARN_UNUSED_VARIABLE = YES;
				IPHONEOS_DEPLOYMENT_TARGET = 15.0;
				MTL_ENABLE_DEBUG_INFO = INCLUDE_SOURCE;
				MTL_FAST_MATH = YES;
				ONLY_ACTIVE_ARCH = YES;
				SDKROOT = iphoneos;
				SWIFT_ACTIVE_COMPILATION_CONDITIONS = DEBUG;
				SWIFT_OPTIMIZATION_LEVEL = "-Onone";
			};
			name = Debug;
		};
		880C698F275407F6002B7AD1 /* Release */ = {
			isa = XCBuildConfiguration;
			buildSettings = {
				ALWAYS_SEARCH_USER_PATHS = NO;
				CLANG_ANALYZER_NONNULL = YES;
				CLANG_ANALYZER_NUMBER_OBJECT_CONVERSION = YES_AGGRESSIVE;
				CLANG_CXX_LANGUAGE_STANDARD = "gnu++17";
				CLANG_CXX_LIBRARY = "libc++";
				CLANG_ENABLE_MODULES = YES;
				CLANG_ENABLE_OBJC_ARC = YES;
				CLANG_ENABLE_OBJC_WEAK = YES;
				CLANG_WARN_BLOCK_CAPTURE_AUTORELEASING = YES;
				CLANG_WARN_BOOL_CONVERSION = YES;
				CLANG_WARN_COMMA = YES;
				CLANG_WARN_CONSTANT_CONVERSION = YES;
				CLANG_WARN_DEPRECATED_OBJC_IMPLEMENTATIONS = YES;
				CLANG_WARN_DIRECT_OBJC_ISA_USAGE = YES_ERROR;
				CLANG_WARN_DOCUMENTATION_COMMENTS = YES;
				CLANG_WARN_EMPTY_BODY = YES;
				CLANG_WARN_ENUM_CONVERSION = YES;
				CLANG_WARN_INFINITE_RECURSION = YES;
				CLANG_WARN_INT_CONVERSION = YES;
				CLANG_WARN_NON_LITERAL_NULL_CONVERSION = YES;
				CLANG_WARN_OBJC_IMPLICIT_RETAIN_SELF = YES;
				CLANG_WARN_OBJC_LITERAL_CONVERSION = YES;
				CLANG_WARN_OBJC_ROOT_CLASS = YES_ERROR;
				CLANG_WARN_QUOTED_INCLUDE_IN_FRAMEWORK_HEADER = YES;
				CLANG_WARN_RANGE_LOOP_ANALYSIS = YES;
				CLANG_WARN_STRICT_PROTOTYPES = YES;
				CLANG_WARN_SUSPICIOUS_MOVE = YES;
				CLANG_WARN_UNGUARDED_AVAILABILITY = YES_AGGRESSIVE;
				CLANG_WARN_UNREACHABLE_CODE = YES;
				CLANG_WARN__DUPLICATE_METHOD_MATCH = YES;
				COPY_PHASE_STRIP = NO;
				DEBUG_INFORMATION_FORMAT = "dwarf-with-dsym";
				ENABLE_NS_ASSERTIONS = NO;
				ENABLE_STRICT_OBJC_MSGSEND = YES;
				GCC_C_LANGUAGE_STANDARD = gnu11;
				GCC_NO_COMMON_BLOCKS = YES;
				GCC_WARN_64_TO_32_BIT_CONVERSION = YES;
				GCC_WARN_ABOUT_RETURN_TYPE = YES_ERROR;
				GCC_WARN_UNDECLARED_SELECTOR = YES;
				GCC_WARN_UNINITIALIZED_AUTOS = YES_AGGRESSIVE;
				GCC_WARN_UNUSED_FUNCTION = YES;
				GCC_WARN_UNUSED_VARIABLE = YES;
				IPHONEOS_DEPLOYMENT_TARGET = 15.0;
				MTL_ENABLE_DEBUG_INFO = NO;
				MTL_FAST_MATH = YES;
				SDKROOT = iphoneos;
				SWIFT_COMPILATION_MODE = wholemodule;
				SWIFT_OPTIMIZATION_LEVEL = "-O";
				VALIDATE_PRODUCT = YES;
			};
			name = Release;
		};
		880C6991275407F6002B7AD1 /* Debug */ = {
			isa = XCBuildConfiguration;
			buildSettings = {
				ASSETCATALOG_COMPILER_APPICON_NAME = AppIcon;
				ASSETCATALOG_COMPILER_GLOBAL_ACCENT_COLOR_NAME = AccentColor;
				CODE_SIGN_STYLE = Automatic;
				CURRENT_PROJECT_VERSION = 1;
				GENERATE_INFOPLIST_FILE = YES;
				INFOPLIST_FILE = "To Do List project/Info.plist";
				INFOPLIST_KEY_UIApplicationSupportsIndirectInputEvents = YES;
				INFOPLIST_KEY_UILaunchStoryboardName = LaunchScreen;
				INFOPLIST_KEY_UIMainStoryboardFile = Main;
				INFOPLIST_KEY_UISupportedInterfaceOrientations_iPad = "UIInterfaceOrientationPortrait UIInterfaceOrientationPortraitUpsideDown UIInterfaceOrientationLandscapeLeft UIInterfaceOrientationLandscapeRight";
				INFOPLIST_KEY_UISupportedInterfaceOrientations_iPhone = "UIInterfaceOrientationPortrait UIInterfaceOrientationLandscapeLeft UIInterfaceOrientationLandscapeRight";
				LD_RUNPATH_SEARCH_PATHS = (
					"$(inherited)",
					"@executable_path/Frameworks",
				);
				MARKETING_VERSION = 1.0;
				PRODUCT_BUNDLE_IDENTIFIER = "Tuwiq.To-Do-List-project";
				PRODUCT_NAME = "$(TARGET_NAME)";
				SWIFT_EMIT_LOC_STRINGS = YES;
				SWIFT_VERSION = 5.0;
				TARGETED_DEVICE_FAMILY = "1,2";
			};
			name = Debug;
		};
		880C6992275407F6002B7AD1 /* Release */ = {
			isa = XCBuildConfiguration;
			buildSettings = {
				ASSETCATALOG_COMPILER_APPICON_NAME = AppIcon;
				ASSETCATALOG_COMPILER_GLOBAL_ACCENT_COLOR_NAME = AccentColor;
				CODE_SIGN_STYLE = Automatic;
				CURRENT_PROJECT_VERSION = 1;
				GENERATE_INFOPLIST_FILE = YES;
				INFOPLIST_FILE = "To Do List project/Info.plist";
				INFOPLIST_KEY_UIApplicationSupportsIndirectInputEvents = YES;
				INFOPLIST_KEY_UILaunchStoryboardName = LaunchScreen;
				INFOPLIST_KEY_UIMainStoryboardFile = Main;
				INFOPLIST_KEY_UISupportedInterfaceOrientations_iPad = "UIInterfaceOrientationPortrait UIInterfaceOrientationPortraitUpsideDown UIInterfaceOrientationLandscapeLeft UIInterfaceOrientationLandscapeRight";
				INFOPLIST_KEY_UISupportedInterfaceOrientations_iPhone = "UIInterfaceOrientationPortrait UIInterfaceOrientationLandscapeLeft UIInterfaceOrientationLandscapeRight";
				LD_RUNPATH_SEARCH_PATHS = (
					"$(inherited)",
					"@executable_path/Frameworks",
				);
				MARKETING_VERSION = 1.0;
				PRODUCT_BUNDLE_IDENTIFIER = "Tuwiq.To-Do-List-project";
				PRODUCT_NAME = "$(TARGET_NAME)";
				SWIFT_EMIT_LOC_STRINGS = YES;
				SWIFT_VERSION = 5.0;
				TARGETED_DEVICE_FAMILY = "1,2";
			};
			name = Release;
		};
/* End XCBuildConfiguration section */

/* Begin XCConfigurationList section */
		880C6977275407F3002B7AD1 /* Build configuration list for PBXProject "To Do List project" */ = {
			isa = XCConfigurationList;
			buildConfigurations = (
				880C698E275407F6002B7AD1 /* Debug */,
				880C698F275407F6002B7AD1 /* Release */,
			);
			defaultConfigurationIsVisible = 0;
			defaultConfigurationName = Release;
		};
		880C6990275407F6002B7AD1 /* Build configuration list for PBXNativeTarget "To Do List project" */ = {
			isa = XCConfigurationList;
			buildConfigurations = (
				880C6991275407F6002B7AD1 /* Debug */,
				880C6992275407F6002B7AD1 /* Release */,
			);
			defaultConfigurationIsVisible = 0;
			defaultConfigurationName = Release;
		};
/* End XCConfigurationList section */
	};
	rootObject = 880C6974275407F3002B7AD1 /* Project object */;
}
